Microsoft Visual Studio Solution File, Format Version 12.00
# Visual Studio 15
VisualStudioVersion = 15.0.26730.16
MinimumVisualStudioVersion = 15.0.26124.0
Project("{2150E333-8FDC-42A3-9474-1A3956D46DE8}") = "src", "src", "{A805AAF1-B79E-47E0-9882-BDE1C29FDD65}"
EndProject
Project("{9A19103F-16F7-4668-BE54-9A1E7A4F7556}") = "OITChatSupport", "src\OITChatSupport\OITChatSupport.csproj", "{D89F7A49-4EFB-4B46-8F76-36FC6F6D522E}"
EndProject
Project("{9A19103F-16F7-4668-BE54-9A1E7A4F7556}") = "OITChatSupport.Tests", "tests\OITChatSupport.Tests\OITChatSupport.Tests.csproj", "{1F664E69-59A1-4954-B321-5D0B85296D5F}"
EndProject
Project("{FAE04EC0-301F-11D3-BF4B-00C04F79EFBC}") = "TestChatBot", "TestChatBot\TestChatBot.csproj", "{744D71C3-E63B-4924-BDA6-301933700BEC}"
EndProject
Global
	GlobalSection(SolutionConfigurationPlatforms) = preSolution
		Debug|Any CPU = Debug|Any CPU
		Debug|x64 = Debug|x64
		Debug|x86 = Debug|x86
		Release|Any CPU = Release|Any CPU
		Release|x64 = Release|x64
		Release|x86 = Release|x86
	EndGlobalSection
	GlobalSection(ProjectConfigurationPlatforms) = postSolution
		{D89F7A49-4EFB-4B46-8F76-36FC6F6D522E}.Debug|Any CPU.ActiveCfg = Debug|Any CPU
		{D89F7A49-4EFB-4B46-8F76-36FC6F6D522E}.Debug|Any CPU.Build.0 = Debug|Any CPU
		{D89F7A49-4EFB-4B46-8F76-36FC6F6D522E}.Debug|x64.ActiveCfg = Debug|Any CPU
		{D89F7A49-4EFB-4B46-8F76-36FC6F6D522E}.Debug|x64.Build.0 = Debug|Any CPU
		{D89F7A49-4EFB-4B46-8F76-36FC6F6D522E}.Debug|x86.ActiveCfg = Debug|Any CPU
		{D89F7A49-4EFB-4B46-8F76-36FC6F6D522E}.Debug|x86.Build.0 = Debug|Any CPU
		{D89F7A49-4EFB-4B46-8F76-36FC6F6D522E}.Release|Any CPU.ActiveCfg = Release|Any CPU
		{D89F7A49-4EFB-4B46-8F76-36FC6F6D522E}.Release|Any CPU.Build.0 = Release|Any CPU
		{D89F7A49-4EFB-4B46-8F76-36FC6F6D522E}.Release|x64.ActiveCfg = Release|Any CPU
		{D89F7A49-4EFB-4B46-8F76-36FC6F6D522E}.Release|x64.Build.0 = Release|Any CPU
		{D89F7A49-4EFB-4B46-8F76-36FC6F6D522E}.Release|x86.ActiveCfg = Release|Any CPU
		{D89F7A49-4EFB-4B46-8F76-36FC6F6D522E}.Release|x86.Build.0 = Release|Any CPU
		{1F664E69-59A1-4954-B321-5D0B85296D5F}.Debug|Any CPU.ActiveCfg = Debug|Any CPU
		{1F664E69-59A1-4954-B321-5D0B85296D5F}.Debug|Any CPU.Build.0 = Debug|Any CPU
		{1F664E69-59A1-4954-B321-5D0B85296D5F}.Debug|x64.ActiveCfg = Debug|Any CPU
		{1F664E69-59A1-4954-B321-5D0B85296D5F}.Debug|x64.Build.0 = Debug|Any CPU
		{1F664E69-59A1-4954-B321-5D0B85296D5F}.Debug|x86.ActiveCfg = Debug|Any CPU
		{1F664E69-59A1-4954-B321-5D0B85296D5F}.Debug|x86.Build.0 = Debug|Any CPU
		{1F664E69-59A1-4954-B321-5D0B85296D5F}.Release|Any CPU.ActiveCfg = Release|Any CPU
		{1F664E69-59A1-4954-B321-5D0B85296D5F}.Release|Any CPU.Build.0 = Release|Any CPU
		{1F664E69-59A1-4954-B321-5D0B85296D5F}.Release|x64.ActiveCfg = Release|Any CPU
		{1F664E69-59A1-4954-B321-5D0B85296D5F}.Release|x64.Build.0 = Release|Any CPU
		{1F664E69-59A1-4954-B321-5D0B85296D5F}.Release|x86.ActiveCfg = Release|Any CPU
		{1F664E69-59A1-4954-B321-5D0B85296D5F}.Release|x86.Build.0 = Release|Any CPU
		{744D71C3-E63B-4924-BDA6-301933700BEC}.Debug|Any CPU.ActiveCfg = Debug|Any CPU
		{744D71C3-E63B-4924-BDA6-301933700BEC}.Debug|Any CPU.Build.0 = Debug|Any CPU
		{744D71C3-E63B-4924-BDA6-301933700BEC}.Debug|x64.ActiveCfg = Debug|Any CPU
		{744D71C3-E63B-4924-BDA6-301933700BEC}.Debug|x64.Build.0 = Debug|Any CPU
		{744D71C3-E63B-4924-BDA6-301933700BEC}.Debug|x86.ActiveCfg = Debug|Any CPU
		{744D71C3-E63B-4924-BDA6-301933700BEC}.Debug|x86.Build.0 = Debug|Any CPU
		{744D71C3-E63B-4924-BDA6-301933700BEC}.Release|Any CPU.ActiveCfg = Release|Any CPU
		{744D71C3-E63B-4924-BDA6-301933700BEC}.Release|Any CPU.Build.0 = Release|Any CPU
		{744D71C3-E63B-4924-BDA6-301933700BEC}.Release|x64.ActiveCfg = Release|Any CPU
		{744D71C3-E63B-4924-BDA6-301933700BEC}.Release|x64.Build.0 = Release|Any CPU
		{744D71C3-E63B-4924-BDA6-301933700BEC}.Release|x86.ActiveCfg = Release|Any CPU
		{744D71C3-E63B-4924-BDA6-301933700BEC}.Release|x86.Build.0 = Release|Any CPU
	EndGlobalSection
	GlobalSection(SolutionProperties) = preSolution
		HideSolutionNode = FALSE
	EndGlobalSection
	GlobalSection(NestedProjects) = preSolution
		{D89F7A49-4EFB-4B46-8F76-36FC6F6D522E} = {A805AAF1-B79E-47E0-9882-BDE1C29FDD65}
		{744D71C3-E63B-4924-BDA6-301933700BEC} = {A805AAF1-B79E-47E0-9882-BDE1C29FDD65}
	EndGlobalSection
	GlobalSection(ExtensibilityGlobals) = postSolution
		SolutionGuid = {1DC08DF2-71ED-40DA-B5CB-7A8BFD35578D}
	EndGlobalSection
EndGlobal
