Microsoft Visual Studio Solution File, Format Version 12.00
# Visual Studio 15
VisualStudioVersion = 15.0.26730.8
MinimumVisualStudioVersion = 15.0.26124.0
Project("{2150E333-8FDC-42A3-9474-1A3956D46DE8}") = "src", "src", "{A805AAF1-B79E-47E0-9882-BDE1C29FDD65}"
EndProject
Project("{9A19103F-16F7-4668-BE54-9A1E7A4F7556}") = "OITChatBotSupport", "src\OITChatBotSupport\OITChatBotSupport.csproj", "{D89F7A49-4EFB-4B46-8F76-36FC6F6D522E}"
EndProject
Project("{9A19103F-16F7-4668-BE54-9A1E7A4F7556}") = "OITChatBotSupport.Tests", "tests\OITChatBotSupport.Tests\OITChatBotSupport.Tests.csproj", "{1F664E69-59A1-4954-B321-5D0B85296D5F}"
EndProject
Project("{FAE04EC0-301F-11D3-BF4B-00C04F79EFBC}") = "TestChatBot", "src\TestChatBot\TestChatBot.csproj", "{363A1E37-0517-44F4-9C05-3755FE584D11}"
EndProject
Project("{9A19103F-16F7-4668-BE54-9A1E7A4F7556}") = "OITChatBotSupport.Domain.Core", "OITChatBotSupport.Domain.Core\OITChatBotSupport.Domain.Core.csproj", "{F031AEF9-64A2-4CEA-A5FC-9CB20C10F78F}"
EndProject
Project("{FAE04EC0-301F-11D3-BF4B-00C04F79EFBC}") = "OITChatBotSupport.Application", "OITChatBotSupport.Application\OITChatBotSupport.Application.csproj", "{4A908806-499B-4CDB-8703-ED5D89AE3CB3}"
EndProject
Project("{FAE04EC0-301F-11D3-BF4B-00C04F79EFBC}") = "OITChatBotSupport.Domain", "OITChatBotSupport.Domain\OITChatBotSupport.Domain.csproj", "{E82E9D2E-1F51-4770-83F2-6F100AB12D40}"
EndProject
Project("{FAE04EC0-301F-11D3-BF4B-00C04F79EFBC}") = "OITChatBotSupport.Infrastructure", "OITChatBotSupport.Infrastructure\OITChatBotSupport.Infrastructure.csproj", "{06AD5038-EE5B-4A62-9F29-72579EA9FD36}"
EndProject
Global
	GlobalSection(SolutionConfigurationPlatforms) = preSolution
		Debug|Any CPU = Debug|Any CPU
		Debug|x64 = Debug|x64
		Debug|x86 = Debug|x86
		Release|Any CPU = Release|Any CPU
		Release|x64 = Release|x64
		Release|x86 = Release|x86
	EndGlobalSection
	GlobalSection(ProjectConfigurationPlatforms) = postSolution
		{D89F7A49-4EFB-4B46-8F76-36FC6F6D522E}.Debug|Any CPU.ActiveCfg = Debug|Any CPU
		{D89F7A49-4EFB-4B46-8F76-36FC6F6D522E}.Debug|Any CPU.Build.0 = Debug|Any CPU
		{D89F7A49-4EFB-4B46-8F76-36FC6F6D522E}.Debug|x64.ActiveCfg = Debug|Any CPU
		{D89F7A49-4EFB-4B46-8F76-36FC6F6D522E}.Debug|x64.Build.0 = Debug|Any CPU
		{D89F7A49-4EFB-4B46-8F76-36FC6F6D522E}.Debug|x86.ActiveCfg = Debug|Any CPU
		{D89F7A49-4EFB-4B46-8F76-36FC6F6D522E}.Debug|x86.Build.0 = Debug|Any CPU
		{D89F7A49-4EFB-4B46-8F76-36FC6F6D522E}.Release|Any CPU.ActiveCfg = Release|Any CPU
		{D89F7A49-4EFB-4B46-8F76-36FC6F6D522E}.Release|Any CPU.Build.0 = Release|Any CPU
		{D89F7A49-4EFB-4B46-8F76-36FC6F6D522E}.Release|x64.ActiveCfg = Release|Any CPU
		{D89F7A49-4EFB-4B46-8F76-36FC6F6D522E}.Release|x64.Build.0 = Release|Any CPU
		{D89F7A49-4EFB-4B46-8F76-36FC6F6D522E}.Release|x86.ActiveCfg = Release|Any CPU
		{D89F7A49-4EFB-4B46-8F76-36FC6F6D522E}.Release|x86.Build.0 = Release|Any CPU
		{1F664E69-59A1-4954-B321-5D0B85296D5F}.Debug|Any CPU.ActiveCfg = Debug|Any CPU
		{1F664E69-59A1-4954-B321-5D0B85296D5F}.Debug|Any CPU.Build.0 = Debug|Any CPU
		{1F664E69-59A1-4954-B321-5D0B85296D5F}.Debug|x64.ActiveCfg = Debug|Any CPU
		{1F664E69-59A1-4954-B321-5D0B85296D5F}.Debug|x64.Build.0 = Debug|Any CPU
		{1F664E69-59A1-4954-B321-5D0B85296D5F}.Debug|x86.ActiveCfg = Debug|Any CPU
		{1F664E69-59A1-4954-B321-5D0B85296D5F}.Debug|x86.Build.0 = Debug|Any CPU
		{1F664E69-59A1-4954-B321-5D0B85296D5F}.Release|Any CPU.ActiveCfg = Release|Any CPU
		{1F664E69-59A1-4954-B321-5D0B85296D5F}.Release|Any CPU.Build.0 = Release|Any CPU
		{1F664E69-59A1-4954-B321-5D0B85296D5F}.Release|x64.ActiveCfg = Release|Any CPU
		{1F664E69-59A1-4954-B321-5D0B85296D5F}.Release|x64.Build.0 = Release|Any CPU
		{1F664E69-59A1-4954-B321-5D0B85296D5F}.Release|x86.ActiveCfg = Release|Any CPU
		{1F664E69-59A1-4954-B321-5D0B85296D5F}.Release|x86.Build.0 = Release|Any CPU
		{363A1E37-0517-44F4-9C05-3755FE584D11}.Debug|Any CPU.ActiveCfg = Debug|Any CPU
		{363A1E37-0517-44F4-9C05-3755FE584D11}.Debug|Any CPU.Build.0 = Debug|Any CPU
		{363A1E37-0517-44F4-9C05-3755FE584D11}.Debug|x64.ActiveCfg = Debug|Any CPU
		{363A1E37-0517-44F4-9C05-3755FE584D11}.Debug|x64.Build.0 = Debug|Any CPU
		{363A1E37-0517-44F4-9C05-3755FE584D11}.Debug|x86.ActiveCfg = Debug|Any CPU
		{363A1E37-0517-44F4-9C05-3755FE584D11}.Debug|x86.Build.0 = Debug|Any CPU
		{363A1E37-0517-44F4-9C05-3755FE584D11}.Release|Any CPU.ActiveCfg = Release|Any CPU
		{363A1E37-0517-44F4-9C05-3755FE584D11}.Release|Any CPU.Build.0 = Release|Any CPU
		{363A1E37-0517-44F4-9C05-3755FE584D11}.Release|x64.ActiveCfg = Release|Any CPU
		{363A1E37-0517-44F4-9C05-3755FE584D11}.Release|x64.Build.0 = Release|Any CPU
		{363A1E37-0517-44F4-9C05-3755FE584D11}.Release|x86.ActiveCfg = Release|Any CPU
		{363A1E37-0517-44F4-9C05-3755FE584D11}.Release|x86.Build.0 = Release|Any CPU
		{F031AEF9-64A2-4CEA-A5FC-9CB20C10F78F}.Debug|Any CPU.ActiveCfg = Debug|Any CPU
		{F031AEF9-64A2-4CEA-A5FC-9CB20C10F78F}.Debug|Any CPU.Build.0 = Debug|Any CPU
		{F031AEF9-64A2-4CEA-A5FC-9CB20C10F78F}.Debug|x64.ActiveCfg = Debug|Any CPU
		{F031AEF9-64A2-4CEA-A5FC-9CB20C10F78F}.Debug|x64.Build.0 = Debug|Any CPU
		{F031AEF9-64A2-4CEA-A5FC-9CB20C10F78F}.Debug|x86.ActiveCfg = Debug|Any CPU
		{F031AEF9-64A2-4CEA-A5FC-9CB20C10F78F}.Debug|x86.Build.0 = Debug|Any CPU
		{F031AEF9-64A2-4CEA-A5FC-9CB20C10F78F}.Release|Any CPU.ActiveCfg = Release|Any CPU
		{F031AEF9-64A2-4CEA-A5FC-9CB20C10F78F}.Release|Any CPU.Build.0 = Release|Any CPU
		{F031AEF9-64A2-4CEA-A5FC-9CB20C10F78F}.Release|x64.ActiveCfg = Release|Any CPU
		{F031AEF9-64A2-4CEA-A5FC-9CB20C10F78F}.Release|x64.Build.0 = Release|Any CPU
		{F031AEF9-64A2-4CEA-A5FC-9CB20C10F78F}.Release|x86.ActiveCfg = Release|Any CPU
		{F031AEF9-64A2-4CEA-A5FC-9CB20C10F78F}.Release|x86.Build.0 = Release|Any CPU
		{4A908806-499B-4CDB-8703-ED5D89AE3CB3}.Debug|Any CPU.ActiveCfg = Debug|Any CPU
		{4A908806-499B-4CDB-8703-ED5D89AE3CB3}.Debug|Any CPU.Build.0 = Debug|Any CPU
		{4A908806-499B-4CDB-8703-ED5D89AE3CB3}.Debug|x64.ActiveCfg = Debug|Any CPU
		{4A908806-499B-4CDB-8703-ED5D89AE3CB3}.Debug|x64.Build.0 = Debug|Any CPU
		{4A908806-499B-4CDB-8703-ED5D89AE3CB3}.Debug|x86.ActiveCfg = Debug|Any CPU
		{4A908806-499B-4CDB-8703-ED5D89AE3CB3}.Debug|x86.Build.0 = Debug|Any CPU
		{4A908806-499B-4CDB-8703-ED5D89AE3CB3}.Release|Any CPU.ActiveCfg = Release|Any CPU
		{4A908806-499B-4CDB-8703-ED5D89AE3CB3}.Release|Any CPU.Build.0 = Release|Any CPU
		{4A908806-499B-4CDB-8703-ED5D89AE3CB3}.Release|x64.ActiveCfg = Release|Any CPU
		{4A908806-499B-4CDB-8703-ED5D89AE3CB3}.Release|x64.Build.0 = Release|Any CPU
		{4A908806-499B-4CDB-8703-ED5D89AE3CB3}.Release|x86.ActiveCfg = Release|Any CPU
		{4A908806-499B-4CDB-8703-ED5D89AE3CB3}.Release|x86.Build.0 = Release|Any CPU
		{E82E9D2E-1F51-4770-83F2-6F100AB12D40}.Debug|Any CPU.ActiveCfg = Debug|Any CPU
		{E82E9D2E-1F51-4770-83F2-6F100AB12D40}.Debug|Any CPU.Build.0 = Debug|Any CPU
		{E82E9D2E-1F51-4770-83F2-6F100AB12D40}.Debug|x64.ActiveCfg = Debug|Any CPU
		{E82E9D2E-1F51-4770-83F2-6F100AB12D40}.Debug|x64.Build.0 = Debug|Any CPU
		{E82E9D2E-1F51-4770-83F2-6F100AB12D40}.Debug|x86.ActiveCfg = Debug|Any CPU
		{E82E9D2E-1F51-4770-83F2-6F100AB12D40}.Debug|x86.Build.0 = Debug|Any CPU
		{E82E9D2E-1F51-4770-83F2-6F100AB12D40}.Release|Any CPU.ActiveCfg = Release|Any CPU
		{E82E9D2E-1F51-4770-83F2-6F100AB12D40}.Release|Any CPU.Build.0 = Release|Any CPU
		{E82E9D2E-1F51-4770-83F2-6F100AB12D40}.Release|x64.ActiveCfg = Release|Any CPU
		{E82E9D2E-1F51-4770-83F2-6F100AB12D40}.Release|x64.Build.0 = Release|Any CPU
		{E82E9D2E-1F51-4770-83F2-6F100AB12D40}.Release|x86.ActiveCfg = Release|Any CPU
		{E82E9D2E-1F51-4770-83F2-6F100AB12D40}.Release|x86.Build.0 = Release|Any CPU
		{06AD5038-EE5B-4A62-9F29-72579EA9FD36}.Debug|Any CPU.ActiveCfg = Debug|Any CPU
		{06AD5038-EE5B-4A62-9F29-72579EA9FD36}.Debug|Any CPU.Build.0 = Debug|Any CPU
		{06AD5038-EE5B-4A62-9F29-72579EA9FD36}.Debug|x64.ActiveCfg = Debug|Any CPU
		{06AD5038-EE5B-4A62-9F29-72579EA9FD36}.Debug|x64.Build.0 = Debug|Any CPU
		{06AD5038-EE5B-4A62-9F29-72579EA9FD36}.Debug|x86.ActiveCfg = Debug|Any CPU
		{06AD5038-EE5B-4A62-9F29-72579EA9FD36}.Debug|x86.Build.0 = Debug|Any CPU
		{06AD5038-EE5B-4A62-9F29-72579EA9FD36}.Release|Any CPU.ActiveCfg = Release|Any CPU
		{06AD5038-EE5B-4A62-9F29-72579EA9FD36}.Release|Any CPU.Build.0 = Release|Any CPU
		{06AD5038-EE5B-4A62-9F29-72579EA9FD36}.Release|x64.ActiveCfg = Release|Any CPU
		{06AD5038-EE5B-4A62-9F29-72579EA9FD36}.Release|x64.Build.0 = Release|Any CPU
		{06AD5038-EE5B-4A62-9F29-72579EA9FD36}.Release|x86.ActiveCfg = Release|Any CPU
		{06AD5038-EE5B-4A62-9F29-72579EA9FD36}.Release|x86.Build.0 = Release|Any CPU
	EndGlobalSection
	GlobalSection(SolutionProperties) = preSolution
		HideSolutionNode = FALSE
	EndGlobalSection
	GlobalSection(NestedProjects) = preSolution
		{D89F7A49-4EFB-4B46-8F76-36FC6F6D522E} = {A805AAF1-B79E-47E0-9882-BDE1C29FDD65}
		{363A1E37-0517-44F4-9C05-3755FE584D11} = {A805AAF1-B79E-47E0-9882-BDE1C29FDD65}
		{F031AEF9-64A2-4CEA-A5FC-9CB20C10F78F} = {A805AAF1-B79E-47E0-9882-BDE1C29FDD65}
		{4A908806-499B-4CDB-8703-ED5D89AE3CB3} = {A805AAF1-B79E-47E0-9882-BDE1C29FDD65}
		{E82E9D2E-1F51-4770-83F2-6F100AB12D40} = {A805AAF1-B79E-47E0-9882-BDE1C29FDD65}
		{06AD5038-EE5B-4A62-9F29-72579EA9FD36} = {A805AAF1-B79E-47E0-9882-BDE1C29FDD65}
	EndGlobalSection
	GlobalSection(ExtensibilityGlobals) = postSolution
		SolutionGuid = {1DC08DF2-71ED-40DA-B5CB-7A8BFD35578D}
	EndGlobalSection
EndGlobal
